
Microsoft Visual Studio Solution File, Format Version 12.00
# Visual Studio Version 16
VisualStudioVersion = 16.0.29806.167
MinimumVisualStudioVersion = 10.0.40219.1
Project("{FAE04EC0-301F-11D3-BF4B-00C04F79EFBC}") = "KKABMX", "KKABMX\KKABMX.csproj", "{77C9FADD-E6B9-41E7-9559-9EECA5C143C3}"
EndProject
Project("{FAE04EC0-301F-11D3-BF4B-00C04F79EFBC}") = "ECABMX", "ECABMX\ECABMX.csproj", "{288732FD-1D63-45F0-815E-7EB938B6E064}"
EndProject
Project("{D954291E-2A0B-460D-934E-DC6B0785DB48}") = "Shared_KKEC", "Shared_KKEC\Shared_KKEC.shproj", "{4F7AB98B-6652-4778-A077-236D029E294D}"
EndProject
Project("{FAE04EC0-301F-11D3-BF4B-00C04F79EFBC}") = "AIABMX", "AIABMX\AIABMX.csproj", "{0AA2D102-3E37-448F-801F-7CD3CF791CD7}"
EndProject
Project("{D954291E-2A0B-460D-934E-DC6B0785DB48}") = "Shared", "Shared\Shared.shproj", "{09FDD26C-D119-44D2-821E-1354DDCE03AB}"
EndProject
Project("{FAE04EC0-301F-11D3-BF4B-00C04F79EFBC}") = "PHABMX", "PHABMX\PHABMX.csproj", "{4587234C-07DF-4D9E-9CEA-F2933362B240}"
EndProject
Project("{FAE04EC0-301F-11D3-BF4B-00C04F79EFBC}") = "HS2ABMX", "HS2ABMX\HS2ABMX.csproj", "{173DC700-A597-498C-8334-88DA1842AB7D}"
EndProject
Project("{D954291E-2A0B-460D-934E-DC6B0785DB48}") = "Shared_AIHS2", "Shared_AIHS2\Shared_AIHS2.shproj", "{46DEDEDE-6F7E-45CE-861F-C15D236F0FD6}"
EndProject
Global
	GlobalSection(SharedMSBuildProjectFiles) = preSolution
		Shared\Shared.projitems*{09fdd26c-d119-44d2-821e-1354ddce03ab}*SharedItemsImports = 13
		Shared\Shared.projitems*{0aa2d102-3e37-448f-801f-7cd3cf791cd7}*SharedItemsImports = 4
		Shared_AIHS2\Shared_AIHS2.projitems*{0aa2d102-3e37-448f-801f-7cd3cf791cd7}*SharedItemsImports = 4
		Shared\Shared.projitems*{173dc700-a597-498c-8334-88da1842ab7d}*SharedItemsImports = 4
		Shared_AIHS2\Shared_AIHS2.projitems*{173dc700-a597-498c-8334-88da1842ab7d}*SharedItemsImports = 4
		Shared\Shared.projitems*{288732fd-1d63-45f0-815e-7eb938b6e064}*SharedItemsImports = 4
		Shared_KKEC\Shared_KKEC.projitems*{288732fd-1d63-45f0-815e-7eb938b6e064}*SharedItemsImports = 4
		Shared_AIHS2\Shared_AIHS2.projitems*{46dedede-6f7e-45ce-861f-c15d236f0fd6}*SharedItemsImports = 13
		Shared_KKEC\Shared_KKEC.projitems*{4f7ab98b-6652-4778-a077-236d029e294d}*SharedItemsImports = 13
		Shared\Shared.projitems*{77c9fadd-e6b9-41e7-9559-9eeca5c143c3}*SharedItemsImports = 4
		Shared_KKEC\Shared_KKEC.projitems*{77c9fadd-e6b9-41e7-9559-9eeca5c143c3}*SharedItemsImports = 4
	EndGlobalSection
	GlobalSection(SolutionConfigurationPlatforms) = preSolution
		Debug|Any CPU = Debug|Any CPU
		Release|Any CPU = Release|Any CPU
	EndGlobalSection
	GlobalSection(ProjectConfigurationPlatforms) = postSolution
		{77C9FADD-E6B9-41E7-9559-9EECA5C143C3}.Debug|Any CPU.ActiveCfg = Debug|Any CPU
		{77C9FADD-E6B9-41E7-9559-9EECA5C143C3}.Debug|Any CPU.Build.0 = Debug|Any CPU
		{77C9FADD-E6B9-41E7-9559-9EECA5C143C3}.Release|Any CPU.ActiveCfg = Release|Any CPU
		{77C9FADD-E6B9-41E7-9559-9EECA5C143C3}.Release|Any CPU.Build.0 = Release|Any CPU
		{288732FD-1D63-45F0-815E-7EB938B6E064}.Debug|Any CPU.ActiveCfg = Debug|Any CPU
		{288732FD-1D63-45F0-815E-7EB938B6E064}.Debug|Any CPU.Build.0 = Debug|Any CPU
		{288732FD-1D63-45F0-815E-7EB938B6E064}.Release|Any CPU.ActiveCfg = Release|Any CPU
		{288732FD-1D63-45F0-815E-7EB938B6E064}.Release|Any CPU.Build.0 = Release|Any CPU
		{0AA2D102-3E37-448F-801F-7CD3CF791CD7}.Debug|Any CPU.ActiveCfg = Debug|Any CPU
		{0AA2D102-3E37-448F-801F-7CD3CF791CD7}.Debug|Any CPU.Build.0 = Debug|Any CPU
		{0AA2D102-3E37-448F-801F-7CD3CF791CD7}.Release|Any CPU.ActiveCfg = Release|Any CPU
		{0AA2D102-3E37-448F-801F-7CD3CF791CD7}.Release|Any CPU.Build.0 = Release|Any CPU
		{4587234C-07DF-4D9E-9CEA-F2933362B240}.Debug|Any CPU.ActiveCfg = Debug|Any CPU
		{4587234C-07DF-4D9E-9CEA-F2933362B240}.Debug|Any CPU.Build.0 = Debug|Any CPU
		{4587234C-07DF-4D9E-9CEA-F2933362B240}.Release|Any CPU.ActiveCfg = Release|Any CPU
		{4587234C-07DF-4D9E-9CEA-F2933362B240}.Release|Any CPU.Build.0 = Release|Any CPU
		{173DC700-A597-498C-8334-88DA1842AB7D}.Debug|Any CPU.ActiveCfg = Debug|Any CPU
		{173DC700-A597-498C-8334-88DA1842AB7D}.Debug|Any CPU.Build.0 = Debug|Any CPU
		{173DC700-A597-498C-8334-88DA1842AB7D}.Release|Any CPU.ActiveCfg = Release|Any CPU
		{173DC700-A597-498C-8334-88DA1842AB7D}.Release|Any CPU.Build.0 = Release|Any CPU
	EndGlobalSection
	GlobalSection(SolutionProperties) = preSolution
		HideSolutionNode = FALSE
	EndGlobalSection
	GlobalSection(ExtensibilityGlobals) = postSolution
		SolutionGuid = {28F0A8B3-ACB9-46D0-995C-4D9717D8E724}
	EndGlobalSection
EndGlobal
