
Microsoft Visual Studio Solution File, Format Version 12.00
# Visual Studio 15
VisualStudioVersion = 15.0.26228.4
MinimumVisualStudioVersion = 10.0.40219.1
Project("{FAE04EC0-301F-11D3-BF4B-00C04F79EFBC}") = "KKABMX Core", "KKABMPlugin\KKABMX Core.csproj", "{77C9FADD-E6B9-41E7-9559-9EECA5C143C3}"
EndProject
Project("{FAE04EC0-301F-11D3-BF4B-00C04F79EFBC}") = "KKABMX GUI", "KKABMGUI\KKABMX GUI.csproj", "{288732FD-1D63-45F0-815E-7EB938B6E064}"
EndProject
Global
	GlobalSection(SolutionConfigurationPlatforms) = preSolution
		Debug|Any CPU = Debug|Any CPU
		Release|Any CPU = Release|Any CPU
	EndGlobalSection
	GlobalSection(ProjectConfigurationPlatforms) = postSolution
		{77C9FADD-E6B9-41E7-9559-9EECA5C143C3}.Debug|Any CPU.ActiveCfg = Debug|Any CPU
		{77C9FADD-E6B9-41E7-9559-9EECA5C143C3}.Debug|Any CPU.Build.0 = Debug|Any CPU
		{77C9FADD-E6B9-41E7-9559-9EECA5C143C3}.Release|Any CPU.ActiveCfg = Release|Any CPU
		{77C9FADD-E6B9-41E7-9559-9EECA5C143C3}.Release|Any CPU.Build.0 = Release|Any CPU
		{288732FD-1D63-45F0-815E-7EB938B6E064}.Debug|Any CPU.ActiveCfg = Debug|Any CPU
		{288732FD-1D63-45F0-815E-7EB938B6E064}.Debug|Any CPU.Build.0 = Debug|Any CPU
		{288732FD-1D63-45F0-815E-7EB938B6E064}.Release|Any CPU.ActiveCfg = Release|Any CPU
		{288732FD-1D63-45F0-815E-7EB938B6E064}.Release|Any CPU.Build.0 = Release|Any CPU
	EndGlobalSection
	GlobalSection(SolutionProperties) = preSolution
		HideSolutionNode = FALSE
	EndGlobalSection
	GlobalSection(ExtensibilityGlobals) = postSolution
		SolutionGuid = {28F0A8B3-ACB9-46D0-995C-4D9717D8E724}
	EndGlobalSection
EndGlobal
